// !$*UTF8*$!
{
	archiveVersion = 1;
	classes = {
	};
	objectVersion = 55;
	objects = {

/* Begin PBXBuildFile section */
		40B448112853094C00B0445D /* AppDelegate.swift in Sources */ = {isa = PBXBuildFile; fileRef = 40B448102853094C00B0445D /* AppDelegate.swift */; };
		40B448132853094C00B0445D /* SceneDelegate.swift in Sources */ = {isa = PBXBuildFile; fileRef = 40B448122853094C00B0445D /* SceneDelegate.swift */; };
		40B448152853094C00B0445D /* LoginViewController.swift in Sources */ = {isa = PBXBuildFile; fileRef = 40B448142853094C00B0445D /* LoginViewController.swift */; };
		40B448182853094C00B0445D /* Main.storyboard in Resources */ = {isa = PBXBuildFile; fileRef = 40B448162853094C00B0445D /* Main.storyboard */; };
		40B4481A2853095000B0445D /* Assets.xcassets in Resources */ = {isa = PBXBuildFile; fileRef = 40B448192853095000B0445D /* Assets.xcassets */; };
		40B4481D2853095000B0445D /* LaunchScreen.storyboard in Resources */ = {isa = PBXBuildFile; fileRef = 40B4481B2853095000B0445D /* LaunchScreen.storyboard */; };
		40B4482C28530B8200B0445D /* LoginViewModel.swift in Sources */ = {isa = PBXBuildFile; fileRef = 40B4482B28530B8200B0445D /* LoginViewModel.swift */; };
		40B4482F28530CC200B0445D /* Extension.swift in Sources */ = {isa = PBXBuildFile; fileRef = 40B4482E28530CC200B0445D /* Extension.swift */; };
		40B4484528532BCA00B0445D /* RedirectionHelper.swift in Sources */ = {isa = PBXBuildFile; fileRef = 40B4484428532BCA00B0445D /* RedirectionHelper.swift */; };
		40B4484728532CF300B0445D /* WelcomeViewController.swift in Sources */ = {isa = PBXBuildFile; fileRef = 40B4484628532CF300B0445D /* WelcomeViewController.swift */; };
/* End PBXBuildFile section */

/* Begin PBXFileReference section */
		40B4480D2853094C00B0445D /* LoginDemo-MVVM.app */ = {isa = PBXFileReference; explicitFileType = wrapper.application; includeInIndex = 0; path = "LoginDemo-MVVM.app"; sourceTree = BUILT_PRODUCTS_DIR; };
		40B448102853094C00B0445D /* AppDelegate.swift */ = {isa = PBXFileReference; lastKnownFileType = sourcecode.swift; path = AppDelegate.swift; sourceTree = "<group>"; };
		40B448122853094C00B0445D /* SceneDelegate.swift */ = {isa = PBXFileReference; lastKnownFileType = sourcecode.swift; path = SceneDelegate.swift; sourceTree = "<group>"; };
		40B448142853094C00B0445D /* LoginViewController.swift */ = {isa = PBXFileReference; lastKnownFileType = sourcecode.swift; path = LoginViewController.swift; sourceTree = "<group>"; };
		40B448172853094C00B0445D /* Base */ = {isa = PBXFileReference; lastKnownFileType = file.storyboard; name = Base; path = Base.lproj/Main.storyboard; sourceTree = "<group>"; };
		40B448192853095000B0445D /* Assets.xcassets */ = {isa = PBXFileReference; lastKnownFileType = folder.assetcatalog; path = Assets.xcassets; sourceTree = "<group>"; };
		40B4481C2853095000B0445D /* Base */ = {isa = PBXFileReference; lastKnownFileType = file.storyboard; name = Base; path = Base.lproj/LaunchScreen.storyboard; sourceTree = "<group>"; };
		40B4481E2853095000B0445D /* Info.plist */ = {isa = PBXFileReference; lastKnownFileType = text.plist.xml; path = Info.plist; sourceTree = "<group>"; };
		40B4482B28530B8200B0445D /* LoginViewModel.swift */ = {isa = PBXFileReference; lastKnownFileType = sourcecode.swift; path = LoginViewModel.swift; sourceTree = "<group>"; };
		40B4482E28530CC200B0445D /* Extension.swift */ = {isa = PBXFileReference; lastKnownFileType = sourcecode.swift; path = Extension.swift; sourceTree = "<group>"; };
		40B4484428532BCA00B0445D /* RedirectionHelper.swift */ = {isa = PBXFileReference; lastKnownFileType = sourcecode.swift; path = RedirectionHelper.swift; sourceTree = "<group>"; };
		40B4484628532CF300B0445D /* WelcomeViewController.swift */ = {isa = PBXFileReference; lastKnownFileType = sourcecode.swift; path = WelcomeViewController.swift; sourceTree = "<group>"; };
/* End PBXFileReference section */

/* Begin PBXFrameworksBuildPhase section */
		40B4480A2853094C00B0445D /* Frameworks */ = {
			isa = PBXFrameworksBuildPhase;
			buildActionMask = 2147483647;
			files = (
			);
			runOnlyForDeploymentPostprocessing = 0;
		};
/* End PBXFrameworksBuildPhase section */

/* Begin PBXGroup section */
		40B448042853094C00B0445D = {
			isa = PBXGroup;
			children = (
				40B4480F2853094C00B0445D /* LoginDemo-MVVM */,
				40B4480E2853094C00B0445D /* Products */,
			);
			sourceTree = "<group>";
		};
		40B4480E2853094C00B0445D /* Products */ = {
			isa = PBXGroup;
			children = (
				40B4480D2853094C00B0445D /* LoginDemo-MVVM.app */,
			);
			name = Products;
			sourceTree = "<group>";
		};
		40B4480F2853094C00B0445D /* LoginDemo-MVVM */ = {
			isa = PBXGroup;
			children = (
				40B4482D28530CA200B0445D /* Helper */,
				40B44826285309AC00B0445D /* ViewModel */,
				40B44825285309A400B0445D /* Controller */,
				40B448242853099A00B0445D /* StoryBoards */,
				40B448102853094C00B0445D /* AppDelegate.swift */,
				40B448122853094C00B0445D /* SceneDelegate.swift */,
				40B448192853095000B0445D /* Assets.xcassets */,
				40B4481E2853095000B0445D /* Info.plist */,
			);
			path = "LoginDemo-MVVM";
			sourceTree = "<group>";
		};
		40B448242853099A00B0445D /* StoryBoards */ = {
			isa = PBXGroup;
			children = (
				40B4481B2853095000B0445D /* LaunchScreen.storyboard */,
				40B448162853094C00B0445D /* Main.storyboard */,
			);
			path = StoryBoards;
			sourceTree = "<group>";
		};
		40B44825285309A400B0445D /* Controller */ = {
			isa = PBXGroup;
			children = (
				40B448142853094C00B0445D /* LoginViewController.swift */,
				40B4484628532CF300B0445D /* WelcomeViewController.swift */,
			);
			path = Controller;
			sourceTree = "<group>";
		};
		40B44826285309AC00B0445D /* ViewModel */ = {
			isa = PBXGroup;
			children = (
				40B4482B28530B8200B0445D /* LoginViewModel.swift */,
			);
			path = ViewModel;
			sourceTree = "<group>";
		};
		40B4482D28530CA200B0445D /* Helper */ = {
			isa = PBXGroup;
			children = (
				40B4482E28530CC200B0445D /* Extension.swift */,
				40B4484428532BCA00B0445D /* RedirectionHelper.swift */,
			);
			path = Helper;
			sourceTree = "<group>";
		};
/* End PBXGroup section */

/* Begin PBXNativeTarget section */
		40B4480C2853094C00B0445D /* LoginDemo-MVVM */ = {
			isa = PBXNativeTarget;
			buildConfigurationList = 40B448212853095000B0445D /* Build configuration list for PBXNativeTarget "LoginDemo-MVVM" */;
			buildPhases = (
				40B448092853094C00B0445D /* Sources */,
				40B4480A2853094C00B0445D /* Frameworks */,
				40B4480B2853094C00B0445D /* Resources */,
			);
			buildRules = (
			);
			dependencies = (
			);
			name = "LoginDemo-MVVM";
			productName = "LoginDemo-MVVM";
			productReference = 40B4480D2853094C00B0445D /* LoginDemo-MVVM.app */;
			productType = "com.apple.product-type.application";
		};
/* End PBXNativeTarget section */

/* Begin PBXProject section */
		40B448052853094C00B0445D /* Project object */ = {
			isa = PBXProject;
			attributes = {
				BuildIndependentTargetsInParallel = 1;
				LastSwiftUpdateCheck = 1330;
				LastUpgradeCheck = 1330;
				TargetAttributes = {
					40B4480C2853094C00B0445D = {
						CreatedOnToolsVersion = 13.3.1;
					};
				};
			};
			buildConfigurationList = 40B448082853094C00B0445D /* Build configuration list for PBXProject "LoginDemo-MVVM" */;
			compatibilityVersion = "Xcode 13.0";
			developmentRegion = en;
			hasScannedForEncodings = 0;
			knownRegions = (
				en,
				Base,
			);
			mainGroup = 40B448042853094C00B0445D;
			productRefGroup = 40B4480E2853094C00B0445D /* Products */;
			projectDirPath = "";
			projectRoot = "";
			targets = (
				40B4480C2853094C00B0445D /* LoginDemo-MVVM */,
			);
		};
/* End PBXProject section */

/* Begin PBXResourcesBuildPhase section */
		40B4480B2853094C00B0445D /* Resources */ = {
			isa = PBXResourcesBuildPhase;
			buildActionMask = 2147483647;
			files = (
				40B4481D2853095000B0445D /* LaunchScreen.storyboard in Resources */,
				40B4481A2853095000B0445D /* Assets.xcassets in Resources */,
				40B448182853094C00B0445D /* Main.storyboard in Resources */,
			);
			runOnlyForDeploymentPostprocessing = 0;
		};
/* End PBXResourcesBuildPhase section */

/* Begin PBXSourcesBuildPhase section */
		40B448092853094C00B0445D /* Sources */ = {
			isa = PBXSourcesBuildPhase;
			buildActionMask = 2147483647;
			files = (
				40B448152853094C00B0445D /* LoginViewController.swift in Sources */,
				40B4484528532BCA00B0445D /* RedirectionHelper.swift in Sources */,
				40B448112853094C00B0445D /* AppDelegate.swift in Sources */,
				40B4482F28530CC200B0445D /* Extension.swift in Sources */,
				40B4482C28530B8200B0445D /* LoginViewModel.swift in Sources */,
				40B448132853094C00B0445D /* SceneDelegate.swift in Sources */,
				40B4484728532CF300B0445D /* WelcomeViewController.swift in Sources */,
			);
			runOnlyForDeploymentPostprocessing = 0;
		};
/* End PBXSourcesBuildPhase section */

/* Begin PBXVariantGroup section */
		40B448162853094C00B0445D /* Main.storyboard */ = {
			isa = PBXVariantGroup;
			children = (
				40B448172853094C00B0445D /* Base */,
			);
			name = Main.storyboard;
			sourceTree = "<group>";
		};
		40B4481B2853095000B0445D /* LaunchScreen.storyboard */ = {
			isa = PBXVariantGroup;
			children = (
				40B4481C2853095000B0445D /* Base */,
			);
			name = LaunchScreen.storyboard;
			sourceTree = "<group>";
		};
/* End PBXVariantGroup section */

/* Begin XCBuildConfiguration section */
		40B4481F2853095000B0445D /* Debug */ = {
			isa = XCBuildConfiguration;
			buildSettings = {
				ALWAYS_SEARCH_USER_PATHS = NO;
				CLANG_ANALYZER_NONNULL = YES;
				CLANG_ANALYZER_NUMBER_OBJECT_CONVERSION = YES_AGGRESSIVE;
				CLANG_CXX_LANGUAGE_STANDARD = "gnu++17";
				CLANG_ENABLE_MODULES = YES;
				CLANG_ENABLE_OBJC_ARC = YES;
				CLANG_ENABLE_OBJC_WEAK = YES;
				CLANG_WARN_BLOCK_CAPTURE_AUTORELEASING = YES;
				CLANG_WARN_BOOL_CONVERSION = YES;
				CLANG_WARN_COMMA = YES;
				CLANG_WARN_CONSTANT_CONVERSION = YES;
				CLANG_WARN_DEPRECATED_OBJC_IMPLEMENTATIONS = YES;
				CLANG_WARN_DIRECT_OBJC_ISA_USAGE = YES_ERROR;
				CLANG_WARN_DOCUMENTATION_COMMENTS = YES;
				CLANG_WARN_EMPTY_BODY = YES;
				CLANG_WARN_ENUM_CONVERSION = YES;
				CLANG_WARN_INFINITE_RECURSION = YES;
				CLANG_WARN_INT_CONVERSION = YES;
				CLANG_WARN_NON_LITERAL_NULL_CONVERSION = YES;
				CLANG_WARN_OBJC_IMPLICIT_RETAIN_SELF = YES;
				CLANG_WARN_OBJC_LITERAL_CONVERSION = YES;
				CLANG_WARN_OBJC_ROOT_CLASS = YES_ERROR;
				CLANG_WARN_QUOTED_INCLUDE_IN_FRAMEWORK_HEADER = YES;
				CLANG_WARN_RANGE_LOOP_ANALYSIS = YES;
				CLANG_WARN_STRICT_PROTOTYPES = YES;
				CLANG_WARN_SUSPICIOUS_MOVE = YES;
				CLANG_WARN_UNGUARDED_AVAILABILITY = YES_AGGRESSIVE;
				CLANG_WARN_UNREACHABLE_CODE = YES;
				CLANG_WARN__DUPLICATE_METHOD_MATCH = YES;
				COPY_PHASE_STRIP = NO;
				DEBUG_INFORMATION_FORMAT = dwarf;
				ENABLE_STRICT_OBJC_MSGSEND = YES;
				ENABLE_TESTABILITY = YES;
				GCC_C_LANGUAGE_STANDARD = gnu11;
				GCC_DYNAMIC_NO_PIC = NO;
				GCC_NO_COMMON_BLOCKS = YES;
				GCC_OPTIMIZATION_LEVEL = 0;
				GCC_PREPROCESSOR_DEFINITIONS = (
					"DEBUG=1",
					"$(inherited)",
				);
				GCC_WARN_64_TO_32_BIT_CONVERSION = YES;
				GCC_WARN_ABOUT_RETURN_TYPE = YES_ERROR;
				GCC_WARN_UNDECLARED_SELECTOR = YES;
				GCC_WARN_UNINITIALIZED_AUTOS = YES_AGGRESSIVE;
				GCC_WARN_UNUSED_FUNCTION = YES;
				GCC_WARN_UNUSED_VARIABLE = YES;
				IPHONEOS_DEPLOYMENT_TARGET = 15.4;
				MTL_ENABLE_DEBUG_INFO = INCLUDE_SOURCE;
				MTL_FAST_MATH = YES;
				ONLY_ACTIVE_ARCH = YES;
				SDKROOT = iphoneos;
				SWIFT_ACTIVE_COMPILATION_CONDITIONS = DEBUG;
				SWIFT_OPTIMIZATION_LEVEL = "-Onone";
			};
			name = Debug;
		};
		40B448202853095000B0445D /* Release */ = {
			isa = XCBuildConfiguration;
			buildSettings = {
				ALWAYS_SEARCH_USER_PATHS = NO;
				CLANG_ANALYZER_NONNULL = YES;
				CLANG_ANALYZER_NUMBER_OBJECT_CONVERSION = YES_AGGRESSIVE;
				CLANG_CXX_LANGUAGE_STANDARD = "gnu++17";
				CLANG_ENABLE_MODULES = YES;
				CLANG_ENABLE_OBJC_ARC = YES;
				CLANG_ENABLE_OBJC_WEAK = YES;
				CLANG_WARN_BLOCK_CAPTURE_AUTORELEASING = YES;
				CLANG_WARN_BOOL_CONVERSION = YES;
				CLANG_WARN_COMMA = YES;
				CLANG_WARN_CONSTANT_CONVERSION = YES;
				CLANG_WARN_DEPRECATED_OBJC_IMPLEMENTATIONS = YES;
				CLANG_WARN_DIRECT_OBJC_ISA_USAGE = YES_ERROR;
				CLANG_WARN_DOCUMENTATION_COMMENTS = YES;
				CLANG_WARN_EMPTY_BODY = YES;
				CLANG_WARN_ENUM_CONVERSION = YES;
				CLANG_WARN_INFINITE_RECURSION = YES;
				CLANG_WARN_INT_CONVERSION = YES;
				CLANG_WARN_NON_LITERAL_NULL_CONVERSION = YES;
				CLANG_WARN_OBJC_IMPLICIT_RETAIN_SELF = YES;
				CLANG_WARN_OBJC_LITERAL_CONVERSION = YES;
				CLANG_WARN_OBJC_ROOT_CLASS = YES_ERROR;
				CLANG_WARN_QUOTED_INCLUDE_IN_FRAMEWORK_HEADER = YES;
				CLANG_WARN_RANGE_LOOP_ANALYSIS = YES;
				CLANG_WARN_STRICT_PROTOTYPES = YES;
				CLANG_WARN_SUSPICIOUS_MOVE = YES;
				CLANG_WARN_UNGUARDED_AVAILABILITY = YES_AGGRESSIVE;
				CLANG_WARN_UNREACHABLE_CODE = YES;
				CLANG_WARN__DUPLICATE_METHOD_MATCH = YES;
				COPY_PHASE_STRIP = NO;
				DEBUG_INFORMATION_FORMAT = "dwarf-with-dsym";
				ENABLE_NS_ASSERTIONS = NO;
				ENABLE_STRICT_OBJC_MSGSEND = YES;
				GCC_C_LANGUAGE_STANDARD = gnu11;
				GCC_NO_COMMON_BLOCKS = YES;
				GCC_WARN_64_TO_32_BIT_CONVERSION = YES;
				GCC_WARN_ABOUT_RETURN_TYPE = YES_ERROR;
				GCC_WARN_UNDECLARED_SELECTOR = YES;
				GCC_WARN_UNINITIALIZED_AUTOS = YES_AGGRESSIVE;
				GCC_WARN_UNUSED_FUNCTION = YES;
				GCC_WARN_UNUSED_VARIABLE = YES;
				IPHONEOS_DEPLOYMENT_TARGET = 15.4;
				MTL_ENABLE_DEBUG_INFO = NO;
				MTL_FAST_MATH = YES;
				SDKROOT = iphoneos;
				SWIFT_COMPILATION_MODE = wholemodule;
				SWIFT_OPTIMIZATION_LEVEL = "-O";
				VALIDATE_PRODUCT = YES;
			};
			name = Release;
		};
		40B448222853095000B0445D /* Debug */ = {
			isa = XCBuildConfiguration;
			buildSettings = {
				ASSETCATALOG_COMPILER_APPICON_NAME = AppIcon;
				ASSETCATALOG_COMPILER_GLOBAL_ACCENT_COLOR_NAME = AccentColor;
				CODE_SIGN_STYLE = Automatic;
				CURRENT_PROJECT_VERSION = 1;
				GENERATE_INFOPLIST_FILE = YES;
				INFOPLIST_FILE = "LoginDemo-MVVM/Info.plist";
				INFOPLIST_KEY_UIApplicationSupportsIndirectInputEvents = YES;
				INFOPLIST_KEY_UILaunchStoryboardName = LaunchScreen;
				INFOPLIST_KEY_UIMainStoryboardFile = Main;
				INFOPLIST_KEY_UISupportedInterfaceOrientations_iPad = "UIInterfaceOrientationPortrait UIInterfaceOrientationPortraitUpsideDown UIInterfaceOrientationLandscapeLeft UIInterfaceOrientationLandscapeRight";
				INFOPLIST_KEY_UISupportedInterfaceOrientations_iPhone = "UIInterfaceOrientationPortrait UIInterfaceOrientationLandscapeLeft UIInterfaceOrientationLandscapeRight";
				LD_RUNPATH_SEARCH_PATHS = (
					"$(inherited)",
					"@executable_path/Frameworks",
				);
				MARKETING_VERSION = 1.0;
				PRODUCT_BUNDLE_IDENTIFIER = "Aklesh.LoginDemo-MVVM";
				PRODUCT_NAME = "$(TARGET_NAME)";
				SWIFT_EMIT_LOC_STRINGS = YES;
				SWIFT_VERSION = 5.0;
				TARGETED_DEVICE_FAMILY = "1,2";
			};
			name = Debug;
		};
		40B448232853095000B0445D /* Release */ = {
			isa = XCBuildConfiguration;
			buildSettings = {
				ASSETCATALOG_COMPILER_APPICON_NAME = AppIcon;
				ASSETCATALOG_COMPILER_GLOBAL_ACCENT_COLOR_NAME = AccentColor;
				CODE_SIGN_STYLE = Automatic;
				CURRENT_PROJECT_VERSION = 1;
				GENERATE_INFOPLIST_FILE = YES;
				INFOPLIST_FILE = "LoginDemo-MVVM/Info.plist";
				INFOPLIST_KEY_UIApplicationSupportsIndirectInputEvents = YES;
				INFOPLIST_KEY_UILaunchStoryboardName = LaunchScreen;
				INFOPLIST_KEY_UIMainStoryboardFile = Main;
				INFOPLIST_KEY_UISupportedInterfaceOrientations_iPad = "UIInterfaceOrientationPortrait UIInterfaceOrientationPortraitUpsideDown UIInterfaceOrientationLandscapeLeft UIInterfaceOrientationLandscapeRight";
				INFOPLIST_KEY_UISupportedInterfaceOrientations_iPhone = "UIInterfaceOrientationPortrait UIInterfaceOrientationLandscapeLeft UIInterfaceOrientationLandscapeRight";
				LD_RUNPATH_SEARCH_PATHS = (
					"$(inherited)",
					"@executable_path/Frameworks",
				);
				MARKETING_VERSION = 1.0;
				PRODUCT_BUNDLE_IDENTIFIER = "Aklesh.LoginDemo-MVVM";
				PRODUCT_NAME = "$(TARGET_NAME)";
				SWIFT_EMIT_LOC_STRINGS = YES;
				SWIFT_VERSION = 5.0;
				TARGETED_DEVICE_FAMILY = "1,2";
			};
			name = Release;
		};
/* End XCBuildConfiguration section */

/* Begin XCConfigurationList section */
		40B448082853094C00B0445D /* Build configuration list for PBXProject "LoginDemo-MVVM" */ = {
			isa = XCConfigurationList;
			buildConfigurations = (
				40B4481F2853095000B0445D /* Debug */,
				40B448202853095000B0445D /* Release */,
			);
			defaultConfigurationIsVisible = 0;
			defaultConfigurationName = Release;
		};
		40B448212853095000B0445D /* Build configuration list for PBXNativeTarget "LoginDemo-MVVM" */ = {
			isa = XCConfigurationList;
			buildConfigurations = (
				40B448222853095000B0445D /* Debug */,
				40B448232853095000B0445D /* Release */,
			);
			defaultConfigurationIsVisible = 0;
			defaultConfigurationName = Release;
		};
/* End XCConfigurationList section */
	};
	rootObject = 40B448052853094C00B0445D /* Project object */;
}
